
Microsoft Visual Studio Solution File, Format Version 12.00
# Visual Studio Version 16
VisualStudioVersion = 16.0.30523.141
MinimumVisualStudioVersion = 10.0.40219.1
Project("{8BC9CEB8-8B4A-11D0-8D11-00A0C91BC942}") = "Practice_01_Math", "Practice_01\Practice_01.vcxproj", "{4864B706-1837-4CE3-A003-994C9AC9319E}"
EndProject
Project("{8BC9CEB8-8B4A-11D0-8D11-00A0C91BC942}") = "Practice_02_brute_force", "Practice_02_brute_force\Practice_02_brute_force.vcxproj", "{1A5DAD62-C931-47CC-A4FD-CCDBA7101CB0}"
EndProject
Project("{8BC9CEB8-8B4A-11D0-8D11-00A0C91BC942}") = "Project03_recursive", "Project03_recursive\Project03_recursive.vcxproj", "{C2184591-4277-477E-950A-1460B92F1524}"
EndProject
Project("{8BC9CEB8-8B4A-11D0-8D11-00A0C91BC942}") = "Practice04_bruteforce_M_N", "Practice04_bruteforce_M_N\Practice04_bruteforce_M_N.vcxproj", "{DB223959-7EC9-4C2D-8B2B-427689BABCBF}"
EndProject
Global
	GlobalSection(SolutionConfigurationPlatforms) = preSolution
		Debug|x64 = Debug|x64
		Debug|x86 = Debug|x86
		Release|x64 = Release|x64
		Release|x86 = Release|x86
	EndGlobalSection
	GlobalSection(ProjectConfigurationPlatforms) = postSolution
		{4864B706-1837-4CE3-A003-994C9AC9319E}.Debug|x64.ActiveCfg = Debug|x64
		{4864B706-1837-4CE3-A003-994C9AC9319E}.Debug|x64.Build.0 = Debug|x64
		{4864B706-1837-4CE3-A003-994C9AC9319E}.Debug|x86.ActiveCfg = Debug|Win32
		{4864B706-1837-4CE3-A003-994C9AC9319E}.Debug|x86.Build.0 = Debug|Win32
		{4864B706-1837-4CE3-A003-994C9AC9319E}.Release|x64.ActiveCfg = Release|x64
		{4864B706-1837-4CE3-A003-994C9AC9319E}.Release|x64.Build.0 = Release|x64
		{4864B706-1837-4CE3-A003-994C9AC9319E}.Release|x86.ActiveCfg = Release|Win32
		{4864B706-1837-4CE3-A003-994C9AC9319E}.Release|x86.Build.0 = Release|Win32
		{1A5DAD62-C931-47CC-A4FD-CCDBA7101CB0}.Debug|x64.ActiveCfg = Debug|x64
		{1A5DAD62-C931-47CC-A4FD-CCDBA7101CB0}.Debug|x64.Build.0 = Debug|x64
		{1A5DAD62-C931-47CC-A4FD-CCDBA7101CB0}.Debug|x86.ActiveCfg = Debug|Win32
		{1A5DAD62-C931-47CC-A4FD-CCDBA7101CB0}.Debug|x86.Build.0 = Debug|Win32
		{1A5DAD62-C931-47CC-A4FD-CCDBA7101CB0}.Release|x64.ActiveCfg = Release|x64
		{1A5DAD62-C931-47CC-A4FD-CCDBA7101CB0}.Release|x64.Build.0 = Release|x64
		{1A5DAD62-C931-47CC-A4FD-CCDBA7101CB0}.Release|x86.ActiveCfg = Release|Win32
		{1A5DAD62-C931-47CC-A4FD-CCDBA7101CB0}.Release|x86.Build.0 = Release|Win32
		{C2184591-4277-477E-950A-1460B92F1524}.Debug|x64.ActiveCfg = Debug|x64
		{C2184591-4277-477E-950A-1460B92F1524}.Debug|x64.Build.0 = Debug|x64
		{C2184591-4277-477E-950A-1460B92F1524}.Debug|x86.ActiveCfg = Debug|Win32
		{C2184591-4277-477E-950A-1460B92F1524}.Debug|x86.Build.0 = Debug|Win32
		{C2184591-4277-477E-950A-1460B92F1524}.Release|x64.ActiveCfg = Release|x64
		{C2184591-4277-477E-950A-1460B92F1524}.Release|x64.Build.0 = Release|x64
		{C2184591-4277-477E-950A-1460B92F1524}.Release|x86.ActiveCfg = Release|Win32
		{C2184591-4277-477E-950A-1460B92F1524}.Release|x86.Build.0 = Release|Win32
		{DB223959-7EC9-4C2D-8B2B-427689BABCBF}.Debug|x64.ActiveCfg = Debug|x64
		{DB223959-7EC9-4C2D-8B2B-427689BABCBF}.Debug|x64.Build.0 = Debug|x64
		{DB223959-7EC9-4C2D-8B2B-427689BABCBF}.Debug|x86.ActiveCfg = Debug|Win32
		{DB223959-7EC9-4C2D-8B2B-427689BABCBF}.Debug|x86.Build.0 = Debug|Win32
		{DB223959-7EC9-4C2D-8B2B-427689BABCBF}.Release|x64.ActiveCfg = Release|x64
		{DB223959-7EC9-4C2D-8B2B-427689BABCBF}.Release|x64.Build.0 = Release|x64
		{DB223959-7EC9-4C2D-8B2B-427689BABCBF}.Release|x86.ActiveCfg = Release|Win32
		{DB223959-7EC9-4C2D-8B2B-427689BABCBF}.Release|x86.Build.0 = Release|Win32
	EndGlobalSection
	GlobalSection(SolutionProperties) = preSolution
		HideSolutionNode = FALSE
	EndGlobalSection
	GlobalSection(ExtensibilityGlobals) = postSolution
		SolutionGuid = {4014D0D7-6B60-4556-BB31-8E06A8B33B0F}
	EndGlobalSection
EndGlobal
