
Microsoft Visual Studio Solution File, Format Version 12.00
# Visual Studio 14
VisualStudioVersion = 14.0.25420.1
MinimumVisualStudioVersion = 10.0.40219.1
Project("{8BC9CEB8-8B4A-11D0-8D11-00A0C91BC942}") = "algorithm_queue1", "algorithm_queue1\algorithm_queue1.vcxproj", "{AC93BD0A-DBC8-4034-898A-FD91A00476E0}"
EndProject
Project("{8BC9CEB8-8B4A-11D0-8D11-00A0C91BC942}") = "algorithm_queue2", "algorithm_queue2\algorithm_queue2.vcxproj", "{771650DE-CC4F-4EFE-9131-82EA9D5CB4DE}"
EndProject
Project("{8BC9CEB8-8B4A-11D0-8D11-00A0C91BC942}") = "algorithm_queue3", "algorithm_queue3\algorithm_queue3.vcxproj", "{E206CF4A-C90F-46BC-B32C-94386351035D}"
EndProject
Project("{8BC9CEB8-8B4A-11D0-8D11-00A0C91BC942}") = "algorithm_queue4", "algorithm_queue4\algorithm_queue4.vcxproj", "{B042E9FD-09F0-42FF-B660-A510159489FF}"
EndProject
Global
	GlobalSection(SolutionConfigurationPlatforms) = preSolution
		Debug|x64 = Debug|x64
		Debug|x86 = Debug|x86
		Release|x64 = Release|x64
		Release|x86 = Release|x86
	EndGlobalSection
	GlobalSection(ProjectConfigurationPlatforms) = postSolution
		{AC93BD0A-DBC8-4034-898A-FD91A00476E0}.Debug|x64.ActiveCfg = Debug|x64
		{AC93BD0A-DBC8-4034-898A-FD91A00476E0}.Debug|x64.Build.0 = Debug|x64
		{AC93BD0A-DBC8-4034-898A-FD91A00476E0}.Debug|x86.ActiveCfg = Debug|Win32
		{AC93BD0A-DBC8-4034-898A-FD91A00476E0}.Debug|x86.Build.0 = Debug|Win32
		{AC93BD0A-DBC8-4034-898A-FD91A00476E0}.Release|x64.ActiveCfg = Release|x64
		{AC93BD0A-DBC8-4034-898A-FD91A00476E0}.Release|x64.Build.0 = Release|x64
		{AC93BD0A-DBC8-4034-898A-FD91A00476E0}.Release|x86.ActiveCfg = Release|Win32
		{AC93BD0A-DBC8-4034-898A-FD91A00476E0}.Release|x86.Build.0 = Release|Win32
		{771650DE-CC4F-4EFE-9131-82EA9D5CB4DE}.Debug|x64.ActiveCfg = Debug|x64
		{771650DE-CC4F-4EFE-9131-82EA9D5CB4DE}.Debug|x64.Build.0 = Debug|x64
		{771650DE-CC4F-4EFE-9131-82EA9D5CB4DE}.Debug|x86.ActiveCfg = Debug|Win32
		{771650DE-CC4F-4EFE-9131-82EA9D5CB4DE}.Debug|x86.Build.0 = Debug|Win32
		{771650DE-CC4F-4EFE-9131-82EA9D5CB4DE}.Release|x64.ActiveCfg = Release|x64
		{771650DE-CC4F-4EFE-9131-82EA9D5CB4DE}.Release|x64.Build.0 = Release|x64
		{771650DE-CC4F-4EFE-9131-82EA9D5CB4DE}.Release|x86.ActiveCfg = Release|Win32
		{771650DE-CC4F-4EFE-9131-82EA9D5CB4DE}.Release|x86.Build.0 = Release|Win32
		{E206CF4A-C90F-46BC-B32C-94386351035D}.Debug|x64.ActiveCfg = Debug|x64
		{E206CF4A-C90F-46BC-B32C-94386351035D}.Debug|x64.Build.0 = Debug|x64
		{E206CF4A-C90F-46BC-B32C-94386351035D}.Debug|x86.ActiveCfg = Debug|Win32
		{E206CF4A-C90F-46BC-B32C-94386351035D}.Debug|x86.Build.0 = Debug|Win32
		{E206CF4A-C90F-46BC-B32C-94386351035D}.Release|x64.ActiveCfg = Release|x64
		{E206CF4A-C90F-46BC-B32C-94386351035D}.Release|x64.Build.0 = Release|x64
		{E206CF4A-C90F-46BC-B32C-94386351035D}.Release|x86.ActiveCfg = Release|Win32
		{E206CF4A-C90F-46BC-B32C-94386351035D}.Release|x86.Build.0 = Release|Win32
		{B042E9FD-09F0-42FF-B660-A510159489FF}.Debug|x64.ActiveCfg = Debug|x64
		{B042E9FD-09F0-42FF-B660-A510159489FF}.Debug|x64.Build.0 = Debug|x64
		{B042E9FD-09F0-42FF-B660-A510159489FF}.Debug|x86.ActiveCfg = Debug|Win32
		{B042E9FD-09F0-42FF-B660-A510159489FF}.Debug|x86.Build.0 = Debug|Win32
		{B042E9FD-09F0-42FF-B660-A510159489FF}.Release|x64.ActiveCfg = Release|x64
		{B042E9FD-09F0-42FF-B660-A510159489FF}.Release|x64.Build.0 = Release|x64
		{B042E9FD-09F0-42FF-B660-A510159489FF}.Release|x86.ActiveCfg = Release|Win32
		{B042E9FD-09F0-42FF-B660-A510159489FF}.Release|x86.Build.0 = Release|Win32
	EndGlobalSection
	GlobalSection(SolutionProperties) = preSolution
		HideSolutionNode = FALSE
	EndGlobalSection
	GlobalSection(ExtensibilityGlobals) = postSolution
		SolutionGuid = {036A84D3-E265-404B-AEEB-49A96DF4CB97}
	EndGlobalSection
EndGlobal
