
Microsoft Visual Studio Solution File, Format Version 12.00
# Visual Studio 15
VisualStudioVersion = 15.0.26730.16
MinimumVisualStudioVersion = 10.0.40219.1
Project("{8BC9CEB8-8B4A-11D0-8D11-00A0C91BC942}") = "algorithm_queue1", "algorithm_queue1\algorithm_queue1.vcxproj", "{AC93BD0A-DBC8-4034-898A-FD91A00476E0}"
EndProject
Global
	GlobalSection(SolutionConfigurationPlatforms) = preSolution
		Debug|x64 = Debug|x64
		Debug|x86 = Debug|x86
		Release|x64 = Release|x64
		Release|x86 = Release|x86
	EndGlobalSection
	GlobalSection(ProjectConfigurationPlatforms) = postSolution
		{AC93BD0A-DBC8-4034-898A-FD91A00476E0}.Debug|x64.ActiveCfg = Debug|x64
		{AC93BD0A-DBC8-4034-898A-FD91A00476E0}.Debug|x64.Build.0 = Debug|x64
		{AC93BD0A-DBC8-4034-898A-FD91A00476E0}.Debug|x86.ActiveCfg = Debug|Win32
		{AC93BD0A-DBC8-4034-898A-FD91A00476E0}.Debug|x86.Build.0 = Debug|Win32
		{AC93BD0A-DBC8-4034-898A-FD91A00476E0}.Release|x64.ActiveCfg = Release|x64
		{AC93BD0A-DBC8-4034-898A-FD91A00476E0}.Release|x64.Build.0 = Release|x64
		{AC93BD0A-DBC8-4034-898A-FD91A00476E0}.Release|x86.ActiveCfg = Release|Win32
		{AC93BD0A-DBC8-4034-898A-FD91A00476E0}.Release|x86.Build.0 = Release|Win32
	EndGlobalSection
	GlobalSection(SolutionProperties) = preSolution
		HideSolutionNode = FALSE
	EndGlobalSection
	GlobalSection(ExtensibilityGlobals) = postSolution
		SolutionGuid = {036A84D3-E265-404B-AEEB-49A96DF4CB97}
	EndGlobalSection
EndGlobal
