
Microsoft Visual Studio Solution File, Format Version 12.00
# Visual Studio 14
VisualStudioVersion = 14.0.25420.1
MinimumVisualStudioVersion = 10.0.40219.1
Project("{8BC9CEB8-8B4A-11D0-8D11-00A0C91BC942}") = "fibonacci1", "fibonacci1\fibonacci1.vcxproj", "{EAEACF2D-8B97-4935-94C8-349670DC1369}"
EndProject
Project("{8BC9CEB8-8B4A-11D0-8D11-00A0C91BC942}") = "fibonacci3", "fibonacci3\fibonacci3.vcxproj", "{2B4947E9-D400-4EC8-942D-DC74C6403A28}"
EndProject
Project("{8BC9CEB8-8B4A-11D0-8D11-00A0C91BC942}") = "fibonacci4", "fibonacci4\fibonacci4.vcxproj", "{0BF7D7FA-F072-466B-BAE5-C70005A1D3AD}"
EndProject
Global
	GlobalSection(SolutionConfigurationPlatforms) = preSolution
		Debug|x64 = Debug|x64
		Debug|x86 = Debug|x86
		Release|x64 = Release|x64
		Release|x86 = Release|x86
	EndGlobalSection
	GlobalSection(ProjectConfigurationPlatforms) = postSolution
		{EAEACF2D-8B97-4935-94C8-349670DC1369}.Debug|x64.ActiveCfg = Debug|x64
		{EAEACF2D-8B97-4935-94C8-349670DC1369}.Debug|x64.Build.0 = Debug|x64
		{EAEACF2D-8B97-4935-94C8-349670DC1369}.Debug|x86.ActiveCfg = Debug|Win32
		{EAEACF2D-8B97-4935-94C8-349670DC1369}.Debug|x86.Build.0 = Debug|Win32
		{EAEACF2D-8B97-4935-94C8-349670DC1369}.Release|x64.ActiveCfg = Release|x64
		{EAEACF2D-8B97-4935-94C8-349670DC1369}.Release|x64.Build.0 = Release|x64
		{EAEACF2D-8B97-4935-94C8-349670DC1369}.Release|x86.ActiveCfg = Release|Win32
		{EAEACF2D-8B97-4935-94C8-349670DC1369}.Release|x86.Build.0 = Release|Win32
		{2B4947E9-D400-4EC8-942D-DC74C6403A28}.Debug|x64.ActiveCfg = Debug|x64
		{2B4947E9-D400-4EC8-942D-DC74C6403A28}.Debug|x64.Build.0 = Debug|x64
		{2B4947E9-D400-4EC8-942D-DC74C6403A28}.Debug|x86.ActiveCfg = Debug|Win32
		{2B4947E9-D400-4EC8-942D-DC74C6403A28}.Debug|x86.Build.0 = Debug|Win32
		{2B4947E9-D400-4EC8-942D-DC74C6403A28}.Release|x64.ActiveCfg = Release|x64
		{2B4947E9-D400-4EC8-942D-DC74C6403A28}.Release|x64.Build.0 = Release|x64
		{2B4947E9-D400-4EC8-942D-DC74C6403A28}.Release|x86.ActiveCfg = Release|Win32
		{2B4947E9-D400-4EC8-942D-DC74C6403A28}.Release|x86.Build.0 = Release|Win32
		{0BF7D7FA-F072-466B-BAE5-C70005A1D3AD}.Debug|x64.ActiveCfg = Debug|x64
		{0BF7D7FA-F072-466B-BAE5-C70005A1D3AD}.Debug|x64.Build.0 = Debug|x64
		{0BF7D7FA-F072-466B-BAE5-C70005A1D3AD}.Debug|x86.ActiveCfg = Debug|Win32
		{0BF7D7FA-F072-466B-BAE5-C70005A1D3AD}.Debug|x86.Build.0 = Debug|Win32
		{0BF7D7FA-F072-466B-BAE5-C70005A1D3AD}.Release|x64.ActiveCfg = Release|x64
		{0BF7D7FA-F072-466B-BAE5-C70005A1D3AD}.Release|x64.Build.0 = Release|x64
		{0BF7D7FA-F072-466B-BAE5-C70005A1D3AD}.Release|x86.ActiveCfg = Release|Win32
		{0BF7D7FA-F072-466B-BAE5-C70005A1D3AD}.Release|x86.Build.0 = Release|Win32
	EndGlobalSection
	GlobalSection(SolutionProperties) = preSolution
		HideSolutionNode = FALSE
	EndGlobalSection
EndGlobal
