
Microsoft Visual Studio Solution File, Format Version 12.00
# Visual Studio Version 16
VisualStudioVersion = 16.0.30523.141
MinimumVisualStudioVersion = 10.0.40219.1
Project("{8BC9CEB8-8B4A-11D0-8D11-00A0C91BC942}") = "programmers1", "programmers1\programmers1.vcxproj", "{F1FC048D-A2D9-41AD-A8B8-FCB7CFF65E4D}"
EndProject
Project("{8BC9CEB8-8B4A-11D0-8D11-00A0C91BC942}") = "programmers2", "programmers2\programmers2.vcxproj", "{93DE6851-1BC6-404E-9A51-809AE1D6CD9E}"
EndProject
Project("{8BC9CEB8-8B4A-11D0-8D11-00A0C91BC942}") = "programmers3", "programmers3\programmers3.vcxproj", "{3E906201-BBDE-47BA-8DF6-E7D25AB3234B}"
EndProject
Project("{8BC9CEB8-8B4A-11D0-8D11-00A0C91BC942}") = "programmers4", "programmers4\programmers4.vcxproj", "{2ED77CF5-A9E4-42E9-A15C-E149C7519D72}"
EndProject
Global
	GlobalSection(SolutionConfigurationPlatforms) = preSolution
		Debug|x64 = Debug|x64
		Debug|x86 = Debug|x86
		Release|x64 = Release|x64
		Release|x86 = Release|x86
	EndGlobalSection
	GlobalSection(ProjectConfigurationPlatforms) = postSolution
		{F1FC048D-A2D9-41AD-A8B8-FCB7CFF65E4D}.Debug|x64.ActiveCfg = Debug|x64
		{F1FC048D-A2D9-41AD-A8B8-FCB7CFF65E4D}.Debug|x64.Build.0 = Debug|x64
		{F1FC048D-A2D9-41AD-A8B8-FCB7CFF65E4D}.Debug|x86.ActiveCfg = Debug|Win32
		{F1FC048D-A2D9-41AD-A8B8-FCB7CFF65E4D}.Debug|x86.Build.0 = Debug|Win32
		{F1FC048D-A2D9-41AD-A8B8-FCB7CFF65E4D}.Release|x64.ActiveCfg = Release|x64
		{F1FC048D-A2D9-41AD-A8B8-FCB7CFF65E4D}.Release|x64.Build.0 = Release|x64
		{F1FC048D-A2D9-41AD-A8B8-FCB7CFF65E4D}.Release|x86.ActiveCfg = Release|Win32
		{F1FC048D-A2D9-41AD-A8B8-FCB7CFF65E4D}.Release|x86.Build.0 = Release|Win32
		{93DE6851-1BC6-404E-9A51-809AE1D6CD9E}.Debug|x64.ActiveCfg = Debug|x64
		{93DE6851-1BC6-404E-9A51-809AE1D6CD9E}.Debug|x64.Build.0 = Debug|x64
		{93DE6851-1BC6-404E-9A51-809AE1D6CD9E}.Debug|x86.ActiveCfg = Debug|Win32
		{93DE6851-1BC6-404E-9A51-809AE1D6CD9E}.Debug|x86.Build.0 = Debug|Win32
		{93DE6851-1BC6-404E-9A51-809AE1D6CD9E}.Release|x64.ActiveCfg = Release|x64
		{93DE6851-1BC6-404E-9A51-809AE1D6CD9E}.Release|x64.Build.0 = Release|x64
		{93DE6851-1BC6-404E-9A51-809AE1D6CD9E}.Release|x86.ActiveCfg = Release|Win32
		{93DE6851-1BC6-404E-9A51-809AE1D6CD9E}.Release|x86.Build.0 = Release|Win32
		{3E906201-BBDE-47BA-8DF6-E7D25AB3234B}.Debug|x64.ActiveCfg = Debug|x64
		{3E906201-BBDE-47BA-8DF6-E7D25AB3234B}.Debug|x64.Build.0 = Debug|x64
		{3E906201-BBDE-47BA-8DF6-E7D25AB3234B}.Debug|x86.ActiveCfg = Debug|Win32
		{3E906201-BBDE-47BA-8DF6-E7D25AB3234B}.Debug|x86.Build.0 = Debug|Win32
		{3E906201-BBDE-47BA-8DF6-E7D25AB3234B}.Release|x64.ActiveCfg = Release|x64
		{3E906201-BBDE-47BA-8DF6-E7D25AB3234B}.Release|x64.Build.0 = Release|x64
		{3E906201-BBDE-47BA-8DF6-E7D25AB3234B}.Release|x86.ActiveCfg = Release|Win32
		{3E906201-BBDE-47BA-8DF6-E7D25AB3234B}.Release|x86.Build.0 = Release|Win32
		{2ED77CF5-A9E4-42E9-A15C-E149C7519D72}.Debug|x64.ActiveCfg = Debug|x64
		{2ED77CF5-A9E4-42E9-A15C-E149C7519D72}.Debug|x64.Build.0 = Debug|x64
		{2ED77CF5-A9E4-42E9-A15C-E149C7519D72}.Debug|x86.ActiveCfg = Debug|Win32
		{2ED77CF5-A9E4-42E9-A15C-E149C7519D72}.Debug|x86.Build.0 = Debug|Win32
		{2ED77CF5-A9E4-42E9-A15C-E149C7519D72}.Release|x64.ActiveCfg = Release|x64
		{2ED77CF5-A9E4-42E9-A15C-E149C7519D72}.Release|x64.Build.0 = Release|x64
		{2ED77CF5-A9E4-42E9-A15C-E149C7519D72}.Release|x86.ActiveCfg = Release|Win32
		{2ED77CF5-A9E4-42E9-A15C-E149C7519D72}.Release|x86.Build.0 = Release|Win32
	EndGlobalSection
	GlobalSection(SolutionProperties) = preSolution
		HideSolutionNode = FALSE
	EndGlobalSection
	GlobalSection(ExtensibilityGlobals) = postSolution
		SolutionGuid = {C5CAEF42-31BE-4F64-9C34-A5F4226C9BA6}
	EndGlobalSection
EndGlobal
