
Microsoft Visual Studio Solution File, Format Version 12.00
# Visual Studio Version 16
VisualStudioVersion = 16.0.30523.141
MinimumVisualStudioVersion = 10.0.40219.1
Project("{8BC9CEB8-8B4A-11D0-8D11-00A0C91BC942}") = "one_dimensional_ordering_10818", "one_dimensional_ordering_1\one_dimensional_ordering_1.vcxproj", "{CF40285E-6571-4B48-87F9-26C58CE01542}"
EndProject
Project("{8BC9CEB8-8B4A-11D0-8D11-00A0C91BC942}") = "one_dimensional_ordering_2562", "one_dimensioonal_ordering_2\one_dimensioonal_ordering_2.vcxproj", "{80D1F2FF-2540-4FBE-A436-A2897B16ACA3}"
EndProject
Project("{8BC9CEB8-8B4A-11D0-8D11-00A0C91BC942}") = "one_dimensional_ordering_2577", "one_dimensional_ordering_2577\one_dimensional_ordering_2577.vcxproj", "{C4B7851B-854D-4533-B6DE-E8DC961EF18F}"
EndProject
Project("{8BC9CEB8-8B4A-11D0-8D11-00A0C91BC942}") = "one_dimensional_ordering_3052", "one_dimensional_ordering_3052\one_dimensional_ordering_3052.vcxproj", "{19A48E20-B6BE-455C-BAD0-371DC414635C}"
EndProject
Project("{8BC9CEB8-8B4A-11D0-8D11-00A0C91BC942}") = "one_dimensional_ordering_1546", "one_dimensional_ordering_1546\one_dimensional_ordering_1546.vcxproj", "{3E174FAA-7A71-491F-A6AD-C914404773E2}"
EndProject
Project("{8BC9CEB8-8B4A-11D0-8D11-00A0C91BC942}") = "one_dimensional_ordering_8958", "one_dimensional_ordering_8958\one_dimensional_ordering_8958.vcxproj", "{3AA7B594-AC32-4E90-947A-15BF144DD50E}"
EndProject
Global
	GlobalSection(SolutionConfigurationPlatforms) = preSolution
		Debug|x64 = Debug|x64
		Debug|x86 = Debug|x86
		Release|x64 = Release|x64
		Release|x86 = Release|x86
	EndGlobalSection
	GlobalSection(ProjectConfigurationPlatforms) = postSolution
		{CF40285E-6571-4B48-87F9-26C58CE01542}.Debug|x64.ActiveCfg = Debug|x64
		{CF40285E-6571-4B48-87F9-26C58CE01542}.Debug|x64.Build.0 = Debug|x64
		{CF40285E-6571-4B48-87F9-26C58CE01542}.Debug|x86.ActiveCfg = Debug|Win32
		{CF40285E-6571-4B48-87F9-26C58CE01542}.Debug|x86.Build.0 = Debug|Win32
		{CF40285E-6571-4B48-87F9-26C58CE01542}.Release|x64.ActiveCfg = Release|x64
		{CF40285E-6571-4B48-87F9-26C58CE01542}.Release|x64.Build.0 = Release|x64
		{CF40285E-6571-4B48-87F9-26C58CE01542}.Release|x86.ActiveCfg = Release|Win32
		{CF40285E-6571-4B48-87F9-26C58CE01542}.Release|x86.Build.0 = Release|Win32
		{80D1F2FF-2540-4FBE-A436-A2897B16ACA3}.Debug|x64.ActiveCfg = Debug|x64
		{80D1F2FF-2540-4FBE-A436-A2897B16ACA3}.Debug|x64.Build.0 = Debug|x64
		{80D1F2FF-2540-4FBE-A436-A2897B16ACA3}.Debug|x86.ActiveCfg = Debug|Win32
		{80D1F2FF-2540-4FBE-A436-A2897B16ACA3}.Debug|x86.Build.0 = Debug|Win32
		{80D1F2FF-2540-4FBE-A436-A2897B16ACA3}.Release|x64.ActiveCfg = Release|x64
		{80D1F2FF-2540-4FBE-A436-A2897B16ACA3}.Release|x64.Build.0 = Release|x64
		{80D1F2FF-2540-4FBE-A436-A2897B16ACA3}.Release|x86.ActiveCfg = Release|Win32
		{80D1F2FF-2540-4FBE-A436-A2897B16ACA3}.Release|x86.Build.0 = Release|Win32
		{C4B7851B-854D-4533-B6DE-E8DC961EF18F}.Debug|x64.ActiveCfg = Debug|x64
		{C4B7851B-854D-4533-B6DE-E8DC961EF18F}.Debug|x64.Build.0 = Debug|x64
		{C4B7851B-854D-4533-B6DE-E8DC961EF18F}.Debug|x86.ActiveCfg = Debug|Win32
		{C4B7851B-854D-4533-B6DE-E8DC961EF18F}.Debug|x86.Build.0 = Debug|Win32
		{C4B7851B-854D-4533-B6DE-E8DC961EF18F}.Release|x64.ActiveCfg = Release|x64
		{C4B7851B-854D-4533-B6DE-E8DC961EF18F}.Release|x64.Build.0 = Release|x64
		{C4B7851B-854D-4533-B6DE-E8DC961EF18F}.Release|x86.ActiveCfg = Release|Win32
		{C4B7851B-854D-4533-B6DE-E8DC961EF18F}.Release|x86.Build.0 = Release|Win32
		{19A48E20-B6BE-455C-BAD0-371DC414635C}.Debug|x64.ActiveCfg = Debug|x64
		{19A48E20-B6BE-455C-BAD0-371DC414635C}.Debug|x64.Build.0 = Debug|x64
		{19A48E20-B6BE-455C-BAD0-371DC414635C}.Debug|x86.ActiveCfg = Debug|Win32
		{19A48E20-B6BE-455C-BAD0-371DC414635C}.Debug|x86.Build.0 = Debug|Win32
		{19A48E20-B6BE-455C-BAD0-371DC414635C}.Release|x64.ActiveCfg = Release|x64
		{19A48E20-B6BE-455C-BAD0-371DC414635C}.Release|x64.Build.0 = Release|x64
		{19A48E20-B6BE-455C-BAD0-371DC414635C}.Release|x86.ActiveCfg = Release|Win32
		{19A48E20-B6BE-455C-BAD0-371DC414635C}.Release|x86.Build.0 = Release|Win32
		{3E174FAA-7A71-491F-A6AD-C914404773E2}.Debug|x64.ActiveCfg = Debug|x64
		{3E174FAA-7A71-491F-A6AD-C914404773E2}.Debug|x64.Build.0 = Debug|x64
		{3E174FAA-7A71-491F-A6AD-C914404773E2}.Debug|x86.ActiveCfg = Debug|Win32
		{3E174FAA-7A71-491F-A6AD-C914404773E2}.Debug|x86.Build.0 = Debug|Win32
		{3E174FAA-7A71-491F-A6AD-C914404773E2}.Release|x64.ActiveCfg = Release|x64
		{3E174FAA-7A71-491F-A6AD-C914404773E2}.Release|x64.Build.0 = Release|x64
		{3E174FAA-7A71-491F-A6AD-C914404773E2}.Release|x86.ActiveCfg = Release|Win32
		{3E174FAA-7A71-491F-A6AD-C914404773E2}.Release|x86.Build.0 = Release|Win32
		{3AA7B594-AC32-4E90-947A-15BF144DD50E}.Debug|x64.ActiveCfg = Debug|x64
		{3AA7B594-AC32-4E90-947A-15BF144DD50E}.Debug|x64.Build.0 = Debug|x64
		{3AA7B594-AC32-4E90-947A-15BF144DD50E}.Debug|x86.ActiveCfg = Debug|Win32
		{3AA7B594-AC32-4E90-947A-15BF144DD50E}.Debug|x86.Build.0 = Debug|Win32
		{3AA7B594-AC32-4E90-947A-15BF144DD50E}.Release|x64.ActiveCfg = Release|x64
		{3AA7B594-AC32-4E90-947A-15BF144DD50E}.Release|x64.Build.0 = Release|x64
		{3AA7B594-AC32-4E90-947A-15BF144DD50E}.Release|x86.ActiveCfg = Release|Win32
		{3AA7B594-AC32-4E90-947A-15BF144DD50E}.Release|x86.Build.0 = Release|Win32
	EndGlobalSection
	GlobalSection(SolutionProperties) = preSolution
		HideSolutionNode = FALSE
	EndGlobalSection
	GlobalSection(ExtensibilityGlobals) = postSolution
		SolutionGuid = {B20A5A47-291F-40DB-A53C-0F2EA9AE2936}
	EndGlobalSection
EndGlobal
